
Microsoft Visual Studio Solution File, Format Version 12.00
# Visual Studio 2012
Project("{FAE04EC0-301F-11D3-BF4B-00C04F79EFBC}") = "SqlChic.SqlBuilder", "SqlChic.SqlBuilder\SqlChic.SqlBuilder.csproj", "{BF782EF1-2B0F-42FA-9DD0-928454A94C6D}"
EndProject
Project("{FAE04EC0-301F-11D3-BF4B-00C04F79EFBC}") = "SqlChic.Rainbow", "SqlChic.Rainbow\SqlChic.Rainbow.csproj", "{21BC6EA8-3D10-4CC9-A1B3-9FAD59F7D1BB}"
EndProject
Project("{2150E333-8FDC-42A3-9474-1A3956D46DE8}") = ".nuget", ".nuget", "{E043638B-9516-477C-A75A-254DD55D4113}"
	ProjectSection(SolutionItems) = preProject
		.nuget\NuGet.Config = .nuget\NuGet.Config
		.nuget\NuGet.exe = .nuget\NuGet.exe
		.nuget\NuGet.targets = .nuget\NuGet.targets
		.nuget\packages.config = .nuget\packages.config
	EndProjectSection
EndProject
Project("{FAE04EC0-301F-11D3-BF4B-00C04F79EFBC}") = "SqlChic", "SqlChic\SqlChic.csproj", "{0FFF5BC7-0A4B-4D87-835E-4FAD70937507}"
EndProject
Project("{2150E333-8FDC-42A3-9474-1A3956D46DE8}") = "Solution Items", "Solution Items", "{E757192C-9411-458D-8815-8DAB34E12D03}"
	ProjectSection(SolutionItems) = preProject
		License.txt = License.txt
		SqlChic.nuspec = SqlChic.nuspec
	EndProjectSection
EndProject
Project("{FAE04EC0-301F-11D3-BF4B-00C04F79EFBC}") = "SqlChic.Tests", "SqlChic.Tests\SqlChic.Tests.csproj", "{A2A80512-11F4-4028-A995-505463632C84}"
EndProject
Project("{FAE04EC0-301F-11D3-BF4B-00C04F79EFBC}") = "SqlChic.PerfTests", "SqlChic.PerfTests\SqlChic.PerfTests.csproj", "{A2A80512-11F4-4028-A995-505463632C85}"
EndProject
Global
	GlobalSection(SolutionConfigurationPlatforms) = preSolution
		Debug|Mixed Platforms = Debug|Mixed Platforms
		Release|Mixed Platforms = Release|Mixed Platforms
	EndGlobalSection
	GlobalSection(ProjectConfigurationPlatforms) = postSolution
		{BF782EF1-2B0F-42FA-9DD0-928454A94C6D}.Debug|Mixed Platforms.ActiveCfg = Debug|Any CPU
		{BF782EF1-2B0F-42FA-9DD0-928454A94C6D}.Debug|Mixed Platforms.Build.0 = Debug|Any CPU
		{BF782EF1-2B0F-42FA-9DD0-928454A94C6D}.Release|Mixed Platforms.ActiveCfg = Release|Any CPU
		{BF782EF1-2B0F-42FA-9DD0-928454A94C6D}.Release|Mixed Platforms.Build.0 = Release|Any CPU
		{21BC6EA8-3D10-4CC9-A1B3-9FAD59F7D1BB}.Debug|Mixed Platforms.ActiveCfg = Debug|Any CPU
		{21BC6EA8-3D10-4CC9-A1B3-9FAD59F7D1BB}.Debug|Mixed Platforms.Build.0 = Debug|Any CPU
		{21BC6EA8-3D10-4CC9-A1B3-9FAD59F7D1BB}.Release|Mixed Platforms.ActiveCfg = Release|Any CPU
		{21BC6EA8-3D10-4CC9-A1B3-9FAD59F7D1BB}.Release|Mixed Platforms.Build.0 = Release|Any CPU
		{0FFF5BC7-0A4B-4D87-835E-4FAD70937507}.Debug|Mixed Platforms.ActiveCfg = Debug|Any CPU
		{0FFF5BC7-0A4B-4D87-835E-4FAD70937507}.Debug|Mixed Platforms.Build.0 = Debug|Any CPU
		{0FFF5BC7-0A4B-4D87-835E-4FAD70937507}.Release|Mixed Platforms.ActiveCfg = Release|Any CPU
		{0FFF5BC7-0A4B-4D87-835E-4FAD70937507}.Release|Mixed Platforms.Build.0 = Release|Any CPU
		{A2A80512-11F4-4028-A995-505463632C84}.Debug|Mixed Platforms.ActiveCfg = Debug|x86
		{A2A80512-11F4-4028-A995-505463632C84}.Debug|Mixed Platforms.Build.0 = Debug|x86
		{A2A80512-11F4-4028-A995-505463632C84}.Release|Mixed Platforms.ActiveCfg = Release|x86
		{A2A80512-11F4-4028-A995-505463632C84}.Release|Mixed Platforms.Build.0 = Release|x86
		{A2A80512-11F4-4028-A995-505463632C85}.Debug|Mixed Platforms.ActiveCfg = Debug|x86
		{A2A80512-11F4-4028-A995-505463632C85}.Debug|Mixed Platforms.Build.0 = Debug|x86
		{A2A80512-11F4-4028-A995-505463632C85}.Release|Mixed Platforms.ActiveCfg = Release|x86
		{A2A80512-11F4-4028-A995-505463632C85}.Release|Mixed Platforms.Build.0 = Release|x86
	EndGlobalSection
	GlobalSection(SolutionProperties) = preSolution
		HideSolutionNode = FALSE
	EndGlobalSection
EndGlobal
